
Microsoft Visual Studio Solution File, Format Version 12.00
# Visual Studio Version 17
VisualStudioVersion = 17.6.33717.318
MinimumVisualStudioVersion = 10.0.40219.1
Project("{FAE04EC0-301F-11D3-BF4B-00C04F79EFBC}") = "RompecabezasFei", "RompecabezasFei\RompecabezasFei.csproj", "{9B80DAD0-8255-4495-9D72-EEB8AC2B5479}"
EndProject
Project("{FAE04EC0-301F-11D3-BF4B-00C04F79EFBC}") = "Seguridad", "Seguridad\Seguridad.csproj", "{81E8F49E-E3B9-4DE1-BC8B-530306943FE4}"
EndProject
Project("{FAE04EC0-301F-11D3-BF4B-00C04F79EFBC}") = "Dominio", "Dominio\Dominio.csproj", "{C2B901FC-9F36-4C72-9815-301A7077F7D6}"
EndProject
Global
	GlobalSection(SolutionConfigurationPlatforms) = preSolution
		Debug|Any CPU = Debug|Any CPU
		Release|Any CPU = Release|Any CPU
	EndGlobalSection
	GlobalSection(ProjectConfigurationPlatforms) = postSolution
		{9B80DAD0-8255-4495-9D72-EEB8AC2B5479}.Debug|Any CPU.ActiveCfg = Debug|Any CPU
		{9B80DAD0-8255-4495-9D72-EEB8AC2B5479}.Debug|Any CPU.Build.0 = Debug|Any CPU
		{9B80DAD0-8255-4495-9D72-EEB8AC2B5479}.Release|Any CPU.ActiveCfg = Release|Any CPU
		{9B80DAD0-8255-4495-9D72-EEB8AC2B5479}.Release|Any CPU.Build.0 = Release|Any CPU
		{81E8F49E-E3B9-4DE1-BC8B-530306943FE4}.Debug|Any CPU.ActiveCfg = Debug|Any CPU
		{81E8F49E-E3B9-4DE1-BC8B-530306943FE4}.Debug|Any CPU.Build.0 = Debug|Any CPU
		{81E8F49E-E3B9-4DE1-BC8B-530306943FE4}.Release|Any CPU.ActiveCfg = Release|Any CPU
		{81E8F49E-E3B9-4DE1-BC8B-530306943FE4}.Release|Any CPU.Build.0 = Release|Any CPU
		{C2B901FC-9F36-4C72-9815-301A7077F7D6}.Debug|Any CPU.ActiveCfg = Debug|Any CPU
		{C2B901FC-9F36-4C72-9815-301A7077F7D6}.Debug|Any CPU.Build.0 = Debug|Any CPU
		{C2B901FC-9F36-4C72-9815-301A7077F7D6}.Release|Any CPU.ActiveCfg = Release|Any CPU
		{C2B901FC-9F36-4C72-9815-301A7077F7D6}.Release|Any CPU.Build.0 = Release|Any CPU
	EndGlobalSection
	GlobalSection(SolutionProperties) = preSolution
		HideSolutionNode = FALSE
	EndGlobalSection
	GlobalSection(ExtensibilityGlobals) = postSolution
		SolutionGuid = {468FCE8B-7FFA-4107-8203-5803B3FA945B}
	EndGlobalSection
EndGlobal
